
Microsoft Visual Studio Solution File, Format Version 12.00
# Visual Studio Version 17
VisualStudioVersion = 17.14.37216.2
MinimumVisualStudioVersion = 10.0.40219.1
Project("{FAE04EC0-301F-11D3-BF4B-00C04F79EFBC}") = "TicketTracker", "TicketTracker.csproj", "{BB260C14-286B-4CF8-B799-911D929A465B}"
EndProject
Global
	GlobalSection(SolutionConfigurationPlatforms) = preSolution
		Debug|Any CPU = Debug|Any CPU
		Release|Any CPU = Release|Any CPU
	EndGlobalSection
	GlobalSection(ProjectConfigurationPlatforms) = postSolution
		{BB260C14-286B-4CF8-B799-911D929A465B}.Debug|Any CPU.ActiveCfg = Debug|Any CPU
		{BB260C14-286B-4CF8-B799-911D929A465B}.Debug|Any CPU.Build.0 = Debug|Any CPU
		{BB260C14-286B-4CF8-B799-911D929A465B}.Release|Any CPU.ActiveCfg = Release|Any CPU
		{BB260C14-286B-4CF8-B799-911D929A465B}.Release|Any CPU.Build.0 = Release|Any CPU
	EndGlobalSection
	GlobalSection(SolutionProperties) = preSolution
		HideSolutionNode = FALSE
	EndGlobalSection
	GlobalSection(ExtensibilityGlobals) = postSolution
		SolutionGuid = {6BECCF6D-1E16-4EFB-9C33-23EC7682C86A}
	EndGlobalSection
EndGlobal
