
Microsoft Visual Studio Solution File, Format Version 12.00
# Visual Studio Version 17
VisualStudioVersion = 17.14.37216.2
MinimumVisualStudioVersion = 10.0.40219.1
Project("{FAE04EC0-301F-11D3-BF4B-00C04F79EFBC}") = "TicketTracker.Tests", "TicketTracker.Tests\TicketTracker.Tests.csproj", "{9963343E-14D6-1819-6B20-0A5A62E6CAC0}"
EndProject
Project("{FAE04EC0-301F-11D3-BF4B-00C04F79EFBC}") = "TicketTracker.WinForms", "TicketTracker.WinForms\TicketTracker.WinForms.csproj", "{77237C97-B75B-4CBB-8815-941866181545}"
EndProject
Project("{FAE04EC0-301F-11D3-BF4B-00C04F79EFBC}") = "TicketTracker.CoreLibrary", "TicketTracker.Core\TicketTracker.CoreLibrary.csproj", "{C917666B-3B3E-4184-8CBA-972F0AD91883}"
EndProject
Global
	GlobalSection(SolutionConfigurationPlatforms) = preSolution
		Debug|Any CPU = Debug|Any CPU
		Release|Any CPU = Release|Any CPU
	EndGlobalSection
	GlobalSection(ProjectConfigurationPlatforms) = postSolution
		{9963343E-14D6-1819-6B20-0A5A62E6CAC0}.Debug|Any CPU.ActiveCfg = Debug|Any CPU
		{9963343E-14D6-1819-6B20-0A5A62E6CAC0}.Debug|Any CPU.Build.0 = Debug|Any CPU
		{9963343E-14D6-1819-6B20-0A5A62E6CAC0}.Release|Any CPU.ActiveCfg = Release|Any CPU
		{9963343E-14D6-1819-6B20-0A5A62E6CAC0}.Release|Any CPU.Build.0 = Release|Any CPU
		{77237C97-B75B-4CBB-8815-941866181545}.Debug|Any CPU.ActiveCfg = Debug|Any CPU
		{77237C97-B75B-4CBB-8815-941866181545}.Debug|Any CPU.Build.0 = Debug|Any CPU
		{77237C97-B75B-4CBB-8815-941866181545}.Release|Any CPU.ActiveCfg = Release|Any CPU
		{77237C97-B75B-4CBB-8815-941866181545}.Release|Any CPU.Build.0 = Release|Any CPU
		{C917666B-3B3E-4184-8CBA-972F0AD91883}.Debug|Any CPU.ActiveCfg = Debug|Any CPU
		{C917666B-3B3E-4184-8CBA-972F0AD91883}.Debug|Any CPU.Build.0 = Debug|Any CPU
		{C917666B-3B3E-4184-8CBA-972F0AD91883}.Release|Any CPU.ActiveCfg = Release|Any CPU
		{C917666B-3B3E-4184-8CBA-972F0AD91883}.Release|Any CPU.Build.0 = Release|Any CPU
	EndGlobalSection
	GlobalSection(SolutionProperties) = preSolution
		HideSolutionNode = FALSE
	EndGlobalSection
	GlobalSection(ExtensibilityGlobals) = postSolution
		SolutionGuid = {5FD12789-4EAC-4865-8098-B33D5E75EBDC}
	EndGlobalSection
EndGlobal
